
Microsoft Visual Studio Solution File, Format Version 11.00
# Visual C++ Express 2010
Project("{8BC9CEB8-8B4A-11D0-8D11-00A0C91BC942}") = "3dConvexHull", "3dConvexHull\3dConvexHull.vcxproj", "{9A28FFC5-0D9D-497A-B806-5A5E4CD5D6E4}"
EndProject
Global
	GlobalSection(SolutionConfigurationPlatforms) = preSolution
		Debug|Win32 = Debug|Win32
		Release|Win32 = Release|Win32
	EndGlobalSection
	GlobalSection(ProjectConfigurationPlatforms) = postSolution
		{9A28FFC5-0D9D-497A-B806-5A5E4CD5D6E4}.Debug|Win32.ActiveCfg = Debug|Win32
		{9A28FFC5-0D9D-497A-B806-5A5E4CD5D6E4}.Debug|Win32.Build.0 = Debug|Win32
		{9A28FFC5-0D9D-497A-B806-5A5E4CD5D6E4}.Release|Win32.ActiveCfg = Release|Win32
		{9A28FFC5-0D9D-497A-B806-5A5E4CD5D6E4}.Release|Win32.Build.0 = Release|Win32
	EndGlobalSection
	GlobalSection(SolutionProperties) = preSolution
		HideSolutionNode = FALSE
	EndGlobalSection
EndGlobal
